
Microsoft Visual Studio Solution File, Format Version 12.00
# Visual Studio Version 16
VisualStudioVersion = 16.0.29609.76
MinimumVisualStudioVersion = 10.0.40219.1
Project("{FAE04EC0-301F-11D3-BF4B-00C04F79EFBC}") = "Testes-Delegate", "Testes-Delegate.csproj", "{CC76C3D8-3FF6-4990-B6BE-6AA7B3E736DF}"
EndProject
Global
	GlobalSection(SolutionConfigurationPlatforms) = preSolution
		Debug|Any CPU = Debug|Any CPU
		Release|Any CPU = Release|Any CPU
	EndGlobalSection
	GlobalSection(ProjectConfigurationPlatforms) = postSolution
		{CC76C3D8-3FF6-4990-B6BE-6AA7B3E736DF}.Debug|Any CPU.ActiveCfg = Debug|Any CPU
		{CC76C3D8-3FF6-4990-B6BE-6AA7B3E736DF}.Debug|Any CPU.Build.0 = Debug|Any CPU
		{CC76C3D8-3FF6-4990-B6BE-6AA7B3E736DF}.Release|Any CPU.ActiveCfg = Release|Any CPU
		{CC76C3D8-3FF6-4990-B6BE-6AA7B3E736DF}.Release|Any CPU.Build.0 = Release|Any CPU
	EndGlobalSection
	GlobalSection(SolutionProperties) = preSolution
		HideSolutionNode = FALSE
	EndGlobalSection
	GlobalSection(ExtensibilityGlobals) = postSolution
		SolutionGuid = {95D2D0A5-2B8C-46C2-AF4C-01967B8E7BA9}
	EndGlobalSection
EndGlobal
